{"format_version":"1.2","terraform_version":"1.10.3","variables":{"grafana_iam_role_arn":{"value":"arn:aws:iam::097155545258:role/grafana-role"}},"planned_values":{"outputs":{"bucket_name":{"sensitive":false}},"root_module":{"resources":[{"address":"aws_s3_bucket.grafana_backups","mode":"managed","type":"aws_s3_bucket","name":"grafana_backups","provider_name":"registry.terraform.io/hashicorp/aws","schema_version":0,"values":{"bucket":"grafana-backups-khub-bohdan","force_destroy":false,"tags":{"Name":"grafana"},"tags_all":{"Name":"grafana"},"timeouts":null},"sensitive_values":{"cors_rule":[],"grant":[],"lifecycle_rule":[],"logging":[],"object_lock_configuration":[],"replication_configuration":[],"server_side_encryption_configuration":[],"tags":{},"tags_all":{},"versioning":[],"website":[]}},{"address":"aws_s3_bucket_policy.grafana_backups_policy","mode":"managed","type":"aws_s3_bucket_policy","name":"grafana_backups_policy","provider_name":"registry.terraform.io/hashicorp/aws","schema_version":0,"sensitive_values":{}},{"address":"data.aws_iam_policy_document.grafana_backup_policy","mode":"data","type":"aws_iam_policy_document","name":"grafana_backup_policy","provider_name":"registry.terraform.io/hashicorp/aws","schema_version":0,"values":{"override_json":null,"override_policy_documents":null,"policy_id":null,"source_json":null,"source_policy_documents":null,"statement":[{"actions":["s3:ListBucket"],"condition":[],"effect":"Allow","not_actions":null,"not_principals":[],"not_resources":null,"principals":[{"identifiers":["arn:aws:iam::097155545258:role/grafana-role"],"type":"AWS"}],"resources":[null],"sid":"AllowListBucket"},{"actions":["s3:GetObject","s3:PutObject"],"condition":[],"effect":"Allow","not_actions":null,"not_principals":[],"not_resources":null,"principals":[{"identifiers":["arn:aws:iam::097155545258:role/grafana-role"],"type":"AWS"}],"resources":[null],"sid":"AllowGetPutObjects"}],"version":null},"sensitive_values":{"statement":[{"actions":[false],"condition":[],"not_principals":[],"principals":[{"identifiers":[false]}],"resources":[false]},{"actions":[false,false],"condition":[],"not_principals":[],"principals":[{"identifiers":[false]}],"resources":[false]}]}}]}},"resource_changes":[{"address":"data.aws_iam_policy_document.grafana_backup_policy","mode":"data","type":"aws_iam_policy_document","name":"grafana_backup_policy","provider_name":"registry.terraform.io/hashicorp/aws","change":{"actions":["read"],"before":null,"after":{"override_json":null,"override_policy_documents":null,"policy_id":null,"source_json":null,"source_policy_documents":null,"statement":[{"actions":["s3:ListBucket"],"condition":[],"effect":"Allow","not_actions":null,"not_principals":[],"not_resources":null,"principals":[{"identifiers":["arn:aws:iam::097155545258:role/grafana-role"],"type":"AWS"}],"resources":[null],"sid":"AllowListBucket"},{"actions":["s3:GetObject","s3:PutObject"],"condition":[],"effect":"Allow","not_actions":null,"not_principals":[],"not_resources":null,"principals":[{"identifiers":["arn:aws:iam::097155545258:role/grafana-role"],"type":"AWS"}],"resources":[null],"sid":"AllowGetPutObjects"}],"version":null},"after_unknown":{"id":true,"json":true,"minified_json":true,"statement":[{"actions":[false],"condition":[],"not_principals":[],"principals":[{"identifiers":[false]}],"resources":[true]},{"actions":[false,false],"condition":[],"not_principals":[],"principals":[{"identifiers":[false]}],"resources":[true]}]},"before_sensitive":false,"after_sensitive":{"statement":[{"actions":[false],"condition":[],"not_principals":[],"principals":[{"identifiers":[false]}],"resources":[false]},{"actions":[false,false],"condition":[],"not_principals":[],"principals":[{"identifiers":[false]}],"resources":[false]}]}},"action_reason":"read_because_config_unknown"},{"address":"aws_s3_bucket.grafana_backups","mode":"managed","type":"aws_s3_bucket","name":"grafana_backups","provider_name":"registry.terraform.io/hashicorp/aws","change":{"actions":["create"],"before":null,"after":{"bucket":"grafana-backups-khub-bohdan","force_destroy":false,"tags":{"Name":"grafana"},"tags_all":{"Name":"grafana"},"timeouts":null},"after_unknown":{"acceleration_status":true,"acl":true,"arn":true,"bucket_domain_name":true,"bucket_prefix":true,"bucket_regional_domain_name":true,"cors_rule":true,"grant":true,"hosted_zone_id":true,"id":true,"lifecycle_rule":true,"logging":true,"object_lock_configuration":true,"object_lock_enabled":true,"policy":true,"region":true,"replication_configuration":true,"request_payer":true,"server_side_encryption_configuration":true,"tags":{},"tags_all":{},"versioning":true,"website":true,"website_domain":true,"website_endpoint":true},"before_sensitive":false,"after_sensitive":{"cors_rule":[],"grant":[],"lifecycle_rule":[],"logging":[],"object_lock_configuration":[],"replication_configuration":[],"server_side_encryption_configuration":[],"tags":{},"tags_all":{},"versioning":[],"website":[]}}},{"address":"aws_s3_bucket_policy.grafana_backups_policy","mode":"managed","type":"aws_s3_bucket_policy","name":"grafana_backups_policy","provider_name":"registry.terraform.io/hashicorp/aws","change":{"actions":["create"],"before":null,"after":{},"after_unknown":{"bucket":true,"id":true,"policy":true},"before_sensitive":false,"after_sensitive":{}}}],"output_changes":{"bucket_name":{"actions":["create"],"before":null,"after":{},"after_unknown":{"bucket":true,"id":true,"policy":true},"before_sensitive":false,"after_sensitive":false}},"configuration":{"provider_config":{"aws":{"name":"aws","full_name":"registry.terraform.io/hashicorp/aws","version_constraint":"~\u003e 5.0"}},"root_module":{"outputs":{"bucket_name":{"expression":{"references":["aws_s3_bucket_policy.grafana_backups_policy"]}}},"resources":[{"address":"aws_s3_bucket.grafana_backups","mode":"managed","type":"aws_s3_bucket","name":"grafana_backups","provider_config_key":"aws","expressions":{"bucket":{"constant_value":"grafana-backups-khub-bohdan"},"tags":{"constant_value":{"Name":"grafana"}}},"schema_version":0},{"address":"aws_s3_bucket_policy.grafana_backups_policy","mode":"managed","type":"aws_s3_bucket_policy","name":"grafana_backups_policy","provider_config_key":"aws","expressions":{"bucket":{"references":["aws_s3_bucket.grafana_backups.id","aws_s3_bucket.grafana_backups"]},"policy":{"references":["data.aws_iam_policy_document.grafana_backup_policy.json","data.aws_iam_policy_document.grafana_backup_policy"]}},"schema_version":0},{"address":"data.aws_iam_policy_document.grafana_backup_policy","mode":"data","type":"aws_iam_policy_document","name":"grafana_backup_policy","provider_config_key":"aws","expressions":{"statement":[{"actions":{"constant_value":["s3:ListBucket"]},"effect":{"constant_value":"Allow"},"principals":[{"identifiers":{"references":["var.grafana_iam_role_arn"]},"type":{"constant_value":"AWS"}}],"resources":{"references":["aws_s3_bucket.grafana_backups.arn","aws_s3_bucket.grafana_backups"]},"sid":{"constant_value":"AllowListBucket"}},{"actions":{"constant_value":["s3:GetObject","s3:PutObject"]},"effect":{"constant_value":"Allow"},"principals":[{"identifiers":{"references":["var.grafana_iam_role_arn"]},"type":{"constant_value":"AWS"}}],"resources":{"references":["aws_s3_bucket.grafana_backups.arn","aws_s3_bucket.grafana_backups"]},"sid":{"constant_value":"AllowGetPutObjects"}}]},"schema_version":0}],"variables":{"grafana_iam_role_arn":{}}}},"relevant_attributes":[{"resource":"aws_s3_bucket.grafana_backups","attribute":["id"]},{"resource":"aws_s3_bucket_policy.grafana_backups_policy","attribute":[]},{"resource":"aws_s3_bucket.grafana_backups","attribute":["arn"]},{"resource":"data.aws_iam_policy_document.grafana_backup_policy","attribute":["json"]}],"timestamp":"2025-04-18T14:06:50Z","applyable":true,"complete":true,"errored":false}
